
Microsoft Visual Studio Solution File, Format Version 12.00
# Visual Studio 14
VisualStudioVersion = 14.0.24720.0
MinimumVisualStudioVersion = 10.0.40219.1
Project("{FAE04EC0-301F-11D3-BF4B-00C04F79EFBC}") = "Albion", "Albion\Albion.csproj", "{EEFD705F-026A-42AE-BC1F-3F6FEA790BED}"
EndProject
Project("{FAE04EC0-301F-11D3-BF4B-00C04F79EFBC}") = "Tests", "Tests\Tests.csproj", "{36A0BAC8-6F0C-412E-815F-294CDECCB8A4}"
EndProject
Global
	GlobalSection(SolutionConfigurationPlatforms) = preSolution
		Debug|Any CPU = Debug|Any CPU
		Release|Any CPU = Release|Any CPU
	EndGlobalSection
	GlobalSection(ProjectConfigurationPlatforms) = postSolution
		{EEFD705F-026A-42AE-BC1F-3F6FEA790BED}.Debug|Any CPU.ActiveCfg = Debug|Any CPU
		{EEFD705F-026A-42AE-BC1F-3F6FEA790BED}.Debug|Any CPU.Build.0 = Debug|Any CPU
		{EEFD705F-026A-42AE-BC1F-3F6FEA790BED}.Release|Any CPU.ActiveCfg = Release|Any CPU
		{EEFD705F-026A-42AE-BC1F-3F6FEA790BED}.Release|Any CPU.Build.0 = Release|Any CPU
		{36A0BAC8-6F0C-412E-815F-294CDECCB8A4}.Debug|Any CPU.ActiveCfg = Debug|Any CPU
		{36A0BAC8-6F0C-412E-815F-294CDECCB8A4}.Debug|Any CPU.Build.0 = Debug|Any CPU
		{36A0BAC8-6F0C-412E-815F-294CDECCB8A4}.Release|Any CPU.ActiveCfg = Release|Any CPU
		{36A0BAC8-6F0C-412E-815F-294CDECCB8A4}.Release|Any CPU.Build.0 = Release|Any CPU
	EndGlobalSection
	GlobalSection(SolutionProperties) = preSolution
		HideSolutionNode = FALSE
	EndGlobalSection
EndGlobal
